
Microsoft Visual Studio Solution File, Format Version 12.00
# Visual Studio Version 17
VisualStudioVersion = 17.14.36408.4
MinimumVisualStudioVersion = 10.0.40219.1
Project("{FAE04EC0-301F-11D3-BF4B-00C04F79EFBC}") = "SatısStokUI", "SatısStokUI\SatısStokUI.csproj", "{CED73BD8-A470-4257-BCAF-2698CC948640}"
EndProject
Global
	GlobalSection(SolutionConfigurationPlatforms) = preSolution
		Debug|Any CPU = Debug|Any CPU
		Release|Any CPU = Release|Any CPU
	EndGlobalSection
	GlobalSection(ProjectConfigurationPlatforms) = postSolution
		{CED73BD8-A470-4257-BCAF-2698CC948640}.Debug|Any CPU.ActiveCfg = Debug|Any CPU
		{CED73BD8-A470-4257-BCAF-2698CC948640}.Debug|Any CPU.Build.0 = Debug|Any CPU
		{CED73BD8-A470-4257-BCAF-2698CC948640}.Release|Any CPU.ActiveCfg = Release|Any CPU
		{CED73BD8-A470-4257-BCAF-2698CC948640}.Release|Any CPU.Build.0 = Release|Any CPU
	EndGlobalSection
	GlobalSection(SolutionProperties) = preSolution
		HideSolutionNode = FALSE
	EndGlobalSection
	GlobalSection(ExtensibilityGlobals) = postSolution
		SolutionGuid = {E2DECA1A-A589-40D8-B970-3A25778FCDCE}
	EndGlobalSection
EndGlobal
